
Microsoft Visual Studio Solution File, Format Version 12.00
# Visual Studio Version 16
VisualStudioVersion = 16.0.29519.181
MinimumVisualStudioVersion = 10.0.40219.1
Project("{FAE04EC0-301F-11D3-BF4B-00C04F79EFBC}") = "NamespaceAbstractInterface", "NamespaceAbstractInterface\NamespaceAbstractInterface.csproj", "{AFD89F32-F10C-47DA-9030-59CFA7400EAF}"
EndProject
Global
	GlobalSection(SolutionConfigurationPlatforms) = preSolution
		Debug|Any CPU = Debug|Any CPU
		Release|Any CPU = Release|Any CPU
	EndGlobalSection
	GlobalSection(ProjectConfigurationPlatforms) = postSolution
		{AFD89F32-F10C-47DA-9030-59CFA7400EAF}.Debug|Any CPU.ActiveCfg = Debug|Any CPU
		{AFD89F32-F10C-47DA-9030-59CFA7400EAF}.Debug|Any CPU.Build.0 = Debug|Any CPU
		{AFD89F32-F10C-47DA-9030-59CFA7400EAF}.Release|Any CPU.ActiveCfg = Release|Any CPU
		{AFD89F32-F10C-47DA-9030-59CFA7400EAF}.Release|Any CPU.Build.0 = Release|Any CPU
	EndGlobalSection
	GlobalSection(SolutionProperties) = preSolution
		HideSolutionNode = FALSE
	EndGlobalSection
	GlobalSection(ExtensibilityGlobals) = postSolution
		SolutionGuid = {948735E3-6CF3-4108-888E-58CD3EBA8084}
	EndGlobalSection
EndGlobal
